
Microsoft Visual Studio Solution File, Format Version 12.00
# Visual Studio Version 17
VisualStudioVersion = 17.10.35027.167
MinimumVisualStudioVersion = 10.0.40219.1
Project("{9A19103F-16F7-4668-BE54-9A1E7A4F7556}") = "MCPHost", "MCPHost\MCPHost.csproj", "{0E8C7E2B-AA31-43FB-B861-8457C68D25B2}"
EndProject
Project("{2150E333-8FDC-42A3-9474-1A3956D46DE8}") = "Solution Items", "Solution Items", "{D3E317B6-3F23-441B-9BC0-FE4308E7A1B2}"
	ProjectSection(SolutionItems) = preProject
		README.md = README.md
	EndProjectSection
EndProject
Global
	GlobalSection(SolutionConfigurationPlatforms) = preSolution
		Debug|Any CPU = Debug|Any CPU
		Release|Any CPU = Release|Any CPU
	EndGlobalSection
	GlobalSection(ProjectConfigurationPlatforms) = postSolution
		{0E8C7E2B-AA31-43FB-B861-8457C68D25B2}.Debug|Any CPU.ActiveCfg = Debug|Any CPU
		{0E8C7E2B-AA31-43FB-B861-8457C68D25B2}.Debug|Any CPU.Build.0 = Debug|Any CPU
		{0E8C7E2B-AA31-43FB-B861-8457C68D25B2}.Release|Any CPU.ActiveCfg = Release|Any CPU
		{0E8C7E2B-AA31-43FB-B861-8457C68D25B2}.Release|Any CPU.Build.0 = Release|Any CPU
	EndGlobalSection
	GlobalSection(SolutionProperties) = preSolution
		HideSolutionNode = FALSE
	EndGlobalSection
	GlobalSection(ExtensibilityGlobals) = postSolution
		SolutionGuid = {7EAEDF29-8455-4944-A06E-78BE6562FBB5}
	EndGlobalSection
EndGlobal
